
Microsoft Visual Studio Solution File, Format Version 12.00
# Visual Studio 15
VisualStudioVersion = 15.0.27130.2010
MinimumVisualStudioVersion = 10.0.40219.1
Project("{FAE04EC0-301F-11D3-BF4B-00C04F79EFBC}") = "DesignYourWindowWithHtml", "DesignYourWindowWithHtml\DesignYourWindowWithHtml.csproj", "{1C929FA0-D2BD-4FB8-AA5B-91FEDA815234}"
EndProject
Global
	GlobalSection(SolutionConfigurationPlatforms) = preSolution
		Debug|Any CPU = Debug|Any CPU
		Release|Any CPU = Release|Any CPU
	EndGlobalSection
	GlobalSection(ProjectConfigurationPlatforms) = postSolution
		{1C929FA0-D2BD-4FB8-AA5B-91FEDA815234}.Debug|Any CPU.ActiveCfg = Debug|Any CPU
		{1C929FA0-D2BD-4FB8-AA5B-91FEDA815234}.Debug|Any CPU.Build.0 = Debug|Any CPU
		{1C929FA0-D2BD-4FB8-AA5B-91FEDA815234}.Release|Any CPU.ActiveCfg = Release|Any CPU
		{1C929FA0-D2BD-4FB8-AA5B-91FEDA815234}.Release|Any CPU.Build.0 = Release|Any CPU
	EndGlobalSection
	GlobalSection(SolutionProperties) = preSolution
		HideSolutionNode = FALSE
	EndGlobalSection
	GlobalSection(ExtensibilityGlobals) = postSolution
		SolutionGuid = {8848F61E-F75D-4845-9E40-F0A2A518FBE6}
	EndGlobalSection
EndGlobal
